// !$*UTF8*$!
{
	archiveVersion = 1;
	classes = {
	};
	objectVersion = 56;
	objects = {

/* Begin PBXBuildFile section */
		EA0254032B25EC970072CC7E /* View.swift in Sources */ = {isa = PBXBuildFile; fileRef = EA0254022B25EC970072CC7E /* View.swift */; };
		EA7461532B1CB247006B4E4A /* StringUtils.swift in Sources */ = {isa = PBXBuildFile; fileRef = EA7461522B1CB247006B4E4A /* StringUtils.swift */; };
		EAA735612B23D6910088ED9C /* SoundPlayer.swift in Sources */ = {isa = PBXBuildFile; fileRef = EAA735602B23D6910088ED9C /* SoundPlayer.swift */; };
		EAA735642B249E6D0088ED9C /* Serialization.swift in Sources */ = {isa = PBXBuildFile; fileRef = EAA735632B249E6D0088ED9C /* Serialization.swift */; };
		EABD9A822B20875D00AD57B6 /* NetworkManager.swift in Sources */ = {isa = PBXBuildFile; fileRef = EABD9A812B20875D00AD57B6 /* NetworkManager.swift */; };
		EABD9A852B20896900AD57B6 /* RegisterCodeResponse.swift in Sources */ = {isa = PBXBuildFile; fileRef = EABD9A842B20896900AD57B6 /* RegisterCodeResponse.swift */; };
		EABD9A872B20D36F00AD57B6 /* ResponseError.swift in Sources */ = {isa = PBXBuildFile; fileRef = EABD9A862B20D36F00AD57B6 /* ResponseError.swift */; };
		EABD9A892B20DD8200AD57B6 /* RegisterStep2.swift in Sources */ = {isa = PBXBuildFile; fileRef = EABD9A882B20DD8200AD57B6 /* RegisterStep2.swift */; };
		EABD9A8B2B20E76500AD57B6 /* CodeField.swift in Sources */ = {isa = PBXBuildFile; fileRef = EABD9A8A2B20E76500AD57B6 /* CodeField.swift */; };
		EABD9A8D2B212C5D00AD57B6 /* Net.swift in Sources */ = {isa = PBXBuildFile; fileRef = EABD9A8C2B212C5D00AD57B6 /* Net.swift */; };
		EABD9A902B2145B400AD57B6 /* Config.swift in Sources */ = {isa = PBXBuildFile; fileRef = EABD9A8F2B2145B400AD57B6 /* Config.swift */; };
		EABD9A922B214C9300AD57B6 /* RegisterStep3.swift in Sources */ = {isa = PBXBuildFile; fileRef = EABD9A912B214C9300AD57B6 /* RegisterStep3.swift */; };
		EABE1DE22B22399400EED6EE /* SessionManager.swift in Sources */ = {isa = PBXBuildFile; fileRef = EABE1DE12B22399400EED6EE /* SessionManager.swift */; };
		EABE1DE42B223BD200EED6EE /* IntUtils.swift in Sources */ = {isa = PBXBuildFile; fileRef = EABE1DE32B223BD200EED6EE /* IntUtils.swift */; };
		EABE1DE72B223FC400EED6EE /* MainTemplate.swift in Sources */ = {isa = PBXBuildFile; fileRef = EABE1DE62B223FC400EED6EE /* MainTemplate.swift */; };
		EABE1DE92B2246B400EED6EE /* Login.swift in Sources */ = {isa = PBXBuildFile; fileRef = EABE1DE82B2246B400EED6EE /* Login.swift */; };
		EABE1DEB2B23593900EED6EE /* Preloader.swift in Sources */ = {isa = PBXBuildFile; fileRef = EABE1DEA2B23593800EED6EE /* Preloader.swift */; };
		EABE1DF02B235D4100EED6EE /* Main.swift in Sources */ = {isa = PBXBuildFile; fileRef = EABE1DEF2B235D4100EED6EE /* Main.swift */; };
		EABE1DF32B235F1F00EED6EE /* Account.swift in Sources */ = {isa = PBXBuildFile; fileRef = EABE1DF22B235F1F00EED6EE /* Account.swift */; };
		EABE1DF52B2380A400EED6EE /* SoundEngine.swift in Sources */ = {isa = PBXBuildFile; fileRef = EABE1DF42B2380A400EED6EE /* SoundEngine.swift */; };
		EABE1DF92B23BCD000EED6EE /* Audio.swift in Sources */ = {isa = PBXBuildFile; fileRef = EABE1DF82B23BCD000EED6EE /* Audio.swift */; };
		EACBED9B2B1B9C7C003C7890 /* Greeting.swift in Sources */ = {isa = PBXBuildFile; fileRef = EACBED9A2B1B9C7C003C7890 /* Greeting.swift */; };
		EACBEDA02B1B9CF1003C7890 /* BigButton.swift in Sources */ = {isa = PBXBuildFile; fileRef = EACBED9F2B1B9CF1003C7890 /* BigButton.swift */; };
		EACBEDA62B1BBA0A003C7890 /* Router.swift in Sources */ = {isa = PBXBuildFile; fileRef = EACBEDA52B1BBA0A003C7890 /* Router.swift */; };
		EACBEDA82B1BBC06003C7890 /* RouterView.swift in Sources */ = {isa = PBXBuildFile; fileRef = EACBEDA72B1BBC06003C7890 /* RouterView.swift */; };
		EACBEDAB2B1BBD9B003C7890 /* RegisterStep1.swift in Sources */ = {isa = PBXBuildFile; fileRef = EACBEDAA2B1BBD9B003C7890 /* RegisterStep1.swift */; };
		EAFDE0A32B1B8CFE00A4BF7B /* JustyMusicApp.swift in Sources */ = {isa = PBXBuildFile; fileRef = EAFDE0A22B1B8CFE00A4BF7B /* JustyMusicApp.swift */; };
		EAFDE0A72B1B8CFF00A4BF7B /* Assets.xcassets in Resources */ = {isa = PBXBuildFile; fileRef = EAFDE0A62B1B8CFF00A4BF7B /* Assets.xcassets */; };
		EAFDE0AA2B1B8CFF00A4BF7B /* Preview Assets.xcassets in Resources */ = {isa = PBXBuildFile; fileRef = EAFDE0A92B1B8CFF00A4BF7B /* Preview Assets.xcassets */; };
/* End PBXBuildFile section */

/* Begin PBXFileReference section */
		EA0254022B25EC970072CC7E /* View.swift */ = {isa = PBXFileReference; lastKnownFileType = sourcecode.swift; path = View.swift; sourceTree = "<group>"; };
		EA7461522B1CB247006B4E4A /* StringUtils.swift */ = {isa = PBXFileReference; lastKnownFileType = sourcecode.swift; path = StringUtils.swift; sourceTree = "<group>"; };
		EAA735602B23D6910088ED9C /* SoundPlayer.swift */ = {isa = PBXFileReference; lastKnownFileType = sourcecode.swift; path = SoundPlayer.swift; sourceTree = "<group>"; };
		EAA735622B23F1BC0088ED9C /* JustyMusic.entitlements */ = {isa = PBXFileReference; lastKnownFileType = text.plist.entitlements; path = JustyMusic.entitlements; sourceTree = "<group>"; };
		EAA735632B249E6D0088ED9C /* Serialization.swift */ = {isa = PBXFileReference; lastKnownFileType = sourcecode.swift; path = Serialization.swift; sourceTree = "<group>"; };
		EABD9A812B20875D00AD57B6 /* NetworkManager.swift */ = {isa = PBXFileReference; lastKnownFileType = sourcecode.swift; path = NetworkManager.swift; sourceTree = "<group>"; };
		EABD9A842B20896900AD57B6 /* RegisterCodeResponse.swift */ = {isa = PBXFileReference; lastKnownFileType = sourcecode.swift; path = RegisterCodeResponse.swift; sourceTree = "<group>"; };
		EABD9A862B20D36F00AD57B6 /* ResponseError.swift */ = {isa = PBXFileReference; lastKnownFileType = sourcecode.swift; path = ResponseError.swift; sourceTree = "<group>"; };
		EABD9A882B20DD8200AD57B6 /* RegisterStep2.swift */ = {isa = PBXFileReference; lastKnownFileType = sourcecode.swift; path = RegisterStep2.swift; sourceTree = "<group>"; };
		EABD9A8A2B20E76500AD57B6 /* CodeField.swift */ = {isa = PBXFileReference; lastKnownFileType = sourcecode.swift; path = CodeField.swift; sourceTree = "<group>"; };
		EABD9A8C2B212C5D00AD57B6 /* Net.swift */ = {isa = PBXFileReference; lastKnownFileType = sourcecode.swift; path = Net.swift; sourceTree = "<group>"; };
		EABD9A8F2B2145B400AD57B6 /* Config.swift */ = {isa = PBXFileReference; lastKnownFileType = sourcecode.swift; path = Config.swift; sourceTree = "<group>"; };
		EABD9A912B214C9300AD57B6 /* RegisterStep3.swift */ = {isa = PBXFileReference; lastKnownFileType = sourcecode.swift; path = RegisterStep3.swift; sourceTree = "<group>"; };
		EABE1DE12B22399400EED6EE /* SessionManager.swift */ = {isa = PBXFileReference; lastKnownFileType = sourcecode.swift; path = SessionManager.swift; sourceTree = "<group>"; };
		EABE1DE32B223BD200EED6EE /* IntUtils.swift */ = {isa = PBXFileReference; lastKnownFileType = sourcecode.swift; path = IntUtils.swift; sourceTree = "<group>"; };
		EABE1DE62B223FC400EED6EE /* MainTemplate.swift */ = {isa = PBXFileReference; lastKnownFileType = sourcecode.swift; path = MainTemplate.swift; sourceTree = "<group>"; };
		EABE1DE82B2246B400EED6EE /* Login.swift */ = {isa = PBXFileReference; lastKnownFileType = sourcecode.swift; path = Login.swift; sourceTree = "<group>"; };
		EABE1DEA2B23593800EED6EE /* Preloader.swift */ = {isa = PBXFileReference; lastKnownFileType = sourcecode.swift; path = Preloader.swift; sourceTree = "<group>"; };
		EABE1DEF2B235D4100EED6EE /* Main.swift */ = {isa = PBXFileReference; lastKnownFileType = sourcecode.swift; path = Main.swift; sourceTree = "<group>"; };
		EABE1DF22B235F1F00EED6EE /* Account.swift */ = {isa = PBXFileReference; lastKnownFileType = sourcecode.swift; path = Account.swift; sourceTree = "<group>"; };
		EABE1DF42B2380A400EED6EE /* SoundEngine.swift */ = {isa = PBXFileReference; lastKnownFileType = sourcecode.swift; path = SoundEngine.swift; sourceTree = "<group>"; };
		EABE1DF62B238E0300EED6EE /* Info.plist */ = {isa = PBXFileReference; lastKnownFileType = text.plist; path = Info.plist; sourceTree = "<group>"; };
		EABE1DF82B23BCD000EED6EE /* Audio.swift */ = {isa = PBXFileReference; lastKnownFileType = sourcecode.swift; path = Audio.swift; sourceTree = "<group>"; };
		EACBED9A2B1B9C7C003C7890 /* Greeting.swift */ = {isa = PBXFileReference; lastKnownFileType = sourcecode.swift; path = Greeting.swift; sourceTree = "<group>"; };
		EACBED9F2B1B9CF1003C7890 /* BigButton.swift */ = {isa = PBXFileReference; lastKnownFileType = sourcecode.swift; path = BigButton.swift; sourceTree = "<group>"; };
		EACBEDA52B1BBA0A003C7890 /* Router.swift */ = {isa = PBXFileReference; lastKnownFileType = sourcecode.swift; path = Router.swift; sourceTree = "<group>"; };
		EACBEDA72B1BBC06003C7890 /* RouterView.swift */ = {isa = PBXFileReference; lastKnownFileType = sourcecode.swift; path = RouterView.swift; sourceTree = "<group>"; };
		EACBEDAA2B1BBD9B003C7890 /* RegisterStep1.swift */ = {isa = PBXFileReference; lastKnownFileType = sourcecode.swift; path = RegisterStep1.swift; sourceTree = "<group>"; };
		EAFDE09F2B1B8CFE00A4BF7B /* JustyMusic.app */ = {isa = PBXFileReference; explicitFileType = wrapper.application; includeInIndex = 0; path = JustyMusic.app; sourceTree = BUILT_PRODUCTS_DIR; };
		EAFDE0A22B1B8CFE00A4BF7B /* JustyMusicApp.swift */ = {isa = PBXFileReference; lastKnownFileType = sourcecode.swift; path = JustyMusicApp.swift; sourceTree = "<group>"; };
		EAFDE0A62B1B8CFF00A4BF7B /* Assets.xcassets */ = {isa = PBXFileReference; lastKnownFileType = folder.assetcatalog; path = Assets.xcassets; sourceTree = "<group>"; };
		EAFDE0A92B1B8CFF00A4BF7B /* Preview Assets.xcassets */ = {isa = PBXFileReference; lastKnownFileType = folder.assetcatalog; path = "Preview Assets.xcassets"; sourceTree = "<group>"; };
/* End PBXFileReference section */

/* Begin PBXFrameworksBuildPhase section */
		EAFDE09C2B1B8CFE00A4BF7B /* Frameworks */ = {
			isa = PBXFrameworksBuildPhase;
			buildActionMask = 2147483647;
			files = (
			);
			runOnlyForDeploymentPostprocessing = 0;
		};
/* End PBXFrameworksBuildPhase section */

/* Begin PBXGroup section */
		EA7461512B1CB220006B4E4A /* Utils */ = {
			isa = PBXGroup;
			children = (
				EABE1DF72B23BCC300EED6EE /* Extensions */,
				EABD9A832B20894900AD57B6 /* Network */,
				EA7461522B1CB247006B4E4A /* StringUtils.swift */,
				EABD9A8C2B212C5D00AD57B6 /* Net.swift */,
				EABE1DE12B22399400EED6EE /* SessionManager.swift */,
				EABE1DE32B223BD200EED6EE /* IntUtils.swift */,
				EABE1DF42B2380A400EED6EE /* SoundEngine.swift */,
			);
			path = Utils;
			sourceTree = "<group>";
		};
		EAA7355D2B23D6610088ED9C /* Molecules */ = {
			isa = PBXGroup;
			children = (
				EAA735602B23D6910088ED9C /* SoundPlayer.swift */,
			);
			path = Molecules;
			sourceTree = "<group>";
		};
		EABD9A832B20894900AD57B6 /* Network */ = {
			isa = PBXGroup;
			children = (
				EABD9A812B20875D00AD57B6 /* NetworkManager.swift */,
				EABD9A842B20896900AD57B6 /* RegisterCodeResponse.swift */,
				EABD9A862B20D36F00AD57B6 /* ResponseError.swift */,
			);
			path = Network;
			sourceTree = "<group>";
		};
		EABD9A8E2B2145A700AD57B6 /* Configuration */ = {
			isa = PBXGroup;
			children = (
				EABD9A8F2B2145B400AD57B6 /* Config.swift */,
			);
			path = Configuration;
			sourceTree = "<group>";
		};
		EABE1DE52B223FBB00EED6EE /* Templates */ = {
			isa = PBXGroup;
			children = (
				EABE1DE62B223FC400EED6EE /* MainTemplate.swift */,
			);
			path = Templates;
			sourceTree = "<group>";
		};
		EABE1DEE2B235D3900EED6EE /* Main */ = {
			isa = PBXGroup;
			children = (
				EABE1DEF2B235D4100EED6EE /* Main.swift */,
			);
			path = Main;
			sourceTree = "<group>";
		};
		EABE1DF12B235F1300EED6EE /* Account */ = {
			isa = PBXGroup;
			children = (
				EABE1DF22B235F1F00EED6EE /* Account.swift */,
			);
			path = Account;
			sourceTree = "<group>";
		};
		EABE1DF72B23BCC300EED6EE /* Extensions */ = {
			isa = PBXGroup;
			children = (
				EABE1DF82B23BCD000EED6EE /* Audio.swift */,
				EAA735632B249E6D0088ED9C /* Serialization.swift */,
				EA0254022B25EC970072CC7E /* View.swift */,
			);
			path = Extensions;
			sourceTree = "<group>";
		};
		EACBED982B1B9C52003C7890 /* Scenes */ = {
			isa = PBXGroup;
			children = (
				EABE1DF12B235F1300EED6EE /* Account */,
				EABE1DEE2B235D3900EED6EE /* Main */,
				EABE1DE52B223FBB00EED6EE /* Templates */,
				EACBEDA92B1BBD8A003C7890 /* Auth */,
				EACBED992B1B9C5C003C7890 /* Greeting */,
			);
			path = Scenes;
			sourceTree = "<group>";
		};
		EACBED992B1B9C5C003C7890 /* Greeting */ = {
			isa = PBXGroup;
			children = (
				EACBED9A2B1B9C7C003C7890 /* Greeting.swift */,
			);
			path = Greeting;
			sourceTree = "<group>";
		};
		EACBED9C2B1B9CCB003C7890 /* UI */ = {
			isa = PBXGroup;
			children = (
				EAA7355D2B23D6610088ED9C /* Molecules */,
				EACBED9E2B1B9CDB003C7890 /* Atoms */,
			);
			path = UI;
			sourceTree = "<group>";
		};
		EACBED9E2B1B9CDB003C7890 /* Atoms */ = {
			isa = PBXGroup;
			children = (
				EACBED9F2B1B9CF1003C7890 /* BigButton.swift */,
				EABD9A8A2B20E76500AD57B6 /* CodeField.swift */,
				EABE1DEA2B23593800EED6EE /* Preloader.swift */,
			);
			path = Atoms;
			sourceTree = "<group>";
		};
		EACBEDA92B1BBD8A003C7890 /* Auth */ = {
			isa = PBXGroup;
			children = (
				EACBEDAA2B1BBD9B003C7890 /* RegisterStep1.swift */,
				EABD9A882B20DD8200AD57B6 /* RegisterStep2.swift */,
				EABD9A912B214C9300AD57B6 /* RegisterStep3.swift */,
				EABE1DE82B2246B400EED6EE /* Login.swift */,
			);
			path = Auth;
			sourceTree = "<group>";
		};
		EAFDE0962B1B8CFE00A4BF7B = {
			isa = PBXGroup;
			children = (
				EAFDE0A12B1B8CFE00A4BF7B /* JustyMusic */,
				EAFDE0A02B1B8CFE00A4BF7B /* Products */,
			);
			sourceTree = "<group>";
		};
		EAFDE0A02B1B8CFE00A4BF7B /* Products */ = {
			isa = PBXGroup;
			children = (
				EAFDE09F2B1B8CFE00A4BF7B /* JustyMusic.app */,
			);
			name = Products;
			sourceTree = "<group>";
		};
		EAFDE0A12B1B8CFE00A4BF7B /* JustyMusic */ = {
			isa = PBXGroup;
			children = (
				EAA735622B23F1BC0088ED9C /* JustyMusic.entitlements */,
				EABE1DF62B238E0300EED6EE /* Info.plist */,
				EABD9A8E2B2145A700AD57B6 /* Configuration */,
				EAFDE0B12B1B8DF500A4BF7B /* App */,
				EAFDE0B02B1B8D5300A4BF7B /* Resources */,
			);
			path = JustyMusic;
			sourceTree = "<group>";
		};
		EAFDE0A82B1B8CFF00A4BF7B /* PreviewContent */ = {
			isa = PBXGroup;
			children = (
				EAFDE0A92B1B8CFF00A4BF7B /* Preview Assets.xcassets */,
			);
			path = PreviewContent;
			sourceTree = "<group>";
		};
		EAFDE0B02B1B8D5300A4BF7B /* Resources */ = {
			isa = PBXGroup;
			children = (
				EAFDE0A62B1B8CFF00A4BF7B /* Assets.xcassets */,
				EAFDE0A82B1B8CFF00A4BF7B /* PreviewContent */,
			);
			path = Resources;
			sourceTree = "<group>";
		};
		EAFDE0B12B1B8DF500A4BF7B /* App */ = {
			isa = PBXGroup;
			children = (
				EACBED9C2B1B9CCB003C7890 /* UI */,
				EACBED982B1B9C52003C7890 /* Scenes */,
				EA7461512B1CB220006B4E4A /* Utils */,
				EAFDE0A22B1B8CFE00A4BF7B /* JustyMusicApp.swift */,
				EACBEDA52B1BBA0A003C7890 /* Router.swift */,
				EACBEDA72B1BBC06003C7890 /* RouterView.swift */,
			);
			path = App;
			sourceTree = "<group>";
		};
/* End PBXGroup section */

/* Begin PBXNativeTarget section */
		EAFDE09E2B1B8CFE00A4BF7B /* JustyMusic */ = {
			isa = PBXNativeTarget;
			buildConfigurationList = EAFDE0AD2B1B8CFF00A4BF7B /* Build configuration list for PBXNativeTarget "JustyMusic" */;
			buildPhases = (
				EAFDE09B2B1B8CFE00A4BF7B /* Sources */,
				EAFDE09C2B1B8CFE00A4BF7B /* Frameworks */,
				EAFDE09D2B1B8CFE00A4BF7B /* Resources */,
			);
			buildRules = (
			);
			dependencies = (
			);
			name = JustyMusic;
			productName = JustyMusic;
			productReference = EAFDE09F2B1B8CFE00A4BF7B /* JustyMusic.app */;
			productType = "com.apple.product-type.application";
		};
/* End PBXNativeTarget section */

/* Begin PBXProject section */
		EAFDE0972B1B8CFE00A4BF7B /* Project object */ = {
			isa = PBXProject;
			attributes = {
				BuildIndependentTargetsInParallel = YES;
				LastSwiftUpdateCheck = 1500;
				LastUpgradeCheck = 1500;
				TargetAttributes = {
					EAFDE09E2B1B8CFE00A4BF7B = {
						CreatedOnToolsVersion = 15.0.1;
					};
				};
			};
			buildConfigurationList = EAFDE09A2B1B8CFE00A4BF7B /* Build configuration list for PBXProject "JustyMusic" */;
			compatibilityVersion = "Xcode 14.0";
			developmentRegion = ru;
			hasScannedForEncodings = 0;
			knownRegions = (
				en,
				ru,
			);
			mainGroup = EAFDE0962B1B8CFE00A4BF7B;
			productRefGroup = EAFDE0A02B1B8CFE00A4BF7B /* Products */;
			projectDirPath = "";
			projectRoot = "";
			targets = (
				EAFDE09E2B1B8CFE00A4BF7B /* JustyMusic */,
			);
		};
/* End PBXProject section */

/* Begin PBXResourcesBuildPhase section */
		EAFDE09D2B1B8CFE00A4BF7B /* Resources */ = {
			isa = PBXResourcesBuildPhase;
			buildActionMask = 2147483647;
			files = (
				EAFDE0AA2B1B8CFF00A4BF7B /* Preview Assets.xcassets in Resources */,
				EAFDE0A72B1B8CFF00A4BF7B /* Assets.xcassets in Resources */,
			);
			runOnlyForDeploymentPostprocessing = 0;
		};
/* End PBXResourcesBuildPhase section */

/* Begin PBXSourcesBuildPhase section */
		EAFDE09B2B1B8CFE00A4BF7B /* Sources */ = {
			isa = PBXSourcesBuildPhase;
			buildActionMask = 2147483647;
			files = (
				EAA735612B23D6910088ED9C /* SoundPlayer.swift in Sources */,
				EABE1DF92B23BCD000EED6EE /* Audio.swift in Sources */,
				EABE1DE72B223FC400EED6EE /* MainTemplate.swift in Sources */,
				EABE1DF32B235F1F00EED6EE /* Account.swift in Sources */,
				EACBEDA02B1B9CF1003C7890 /* BigButton.swift in Sources */,
				EABD9A8B2B20E76500AD57B6 /* CodeField.swift in Sources */,
				EABE1DF52B2380A400EED6EE /* SoundEngine.swift in Sources */,
				EABE1DE42B223BD200EED6EE /* IntUtils.swift in Sources */,
				EABD9A8D2B212C5D00AD57B6 /* Net.swift in Sources */,
				EABD9A902B2145B400AD57B6 /* Config.swift in Sources */,
				EACBED9B2B1B9C7C003C7890 /* Greeting.swift in Sources */,
				EABD9A892B20DD8200AD57B6 /* RegisterStep2.swift in Sources */,
				EAA735642B249E6D0088ED9C /* Serialization.swift in Sources */,
				EACBEDA82B1BBC06003C7890 /* RouterView.swift in Sources */,
				EA0254032B25EC970072CC7E /* View.swift in Sources */,
				EACBEDAB2B1BBD9B003C7890 /* RegisterStep1.swift in Sources */,
				EABD9A822B20875D00AD57B6 /* NetworkManager.swift in Sources */,
				EABD9A922B214C9300AD57B6 /* RegisterStep3.swift in Sources */,
				EABE1DF02B235D4100EED6EE /* Main.swift in Sources */,
				EABE1DEB2B23593900EED6EE /* Preloader.swift in Sources */,
				EACBEDA62B1BBA0A003C7890 /* Router.swift in Sources */,
				EABE1DE92B2246B400EED6EE /* Login.swift in Sources */,
				EAFDE0A32B1B8CFE00A4BF7B /* JustyMusicApp.swift in Sources */,
				EABD9A872B20D36F00AD57B6 /* ResponseError.swift in Sources */,
				EA7461532B1CB247006B4E4A /* StringUtils.swift in Sources */,
				EABE1DE22B22399400EED6EE /* SessionManager.swift in Sources */,
				EABD9A852B20896900AD57B6 /* RegisterCodeResponse.swift in Sources */,
			);
			runOnlyForDeploymentPostprocessing = 0;
		};
/* End PBXSourcesBuildPhase section */

/* Begin XCBuildConfiguration section */
		EAFDE0AB2B1B8CFF00A4BF7B /* Debug */ = {
			isa = XCBuildConfiguration;
			buildSettings = {
				ALWAYS_SEARCH_USER_PATHS = NO;
				ASSETCATALOG_COMPILER_GENERATE_SWIFT_ASSET_SYMBOL_EXTENSIONS = YES;
				CLANG_ANALYZER_NONNULL = YES;
				CLANG_ANALYZER_NUMBER_OBJECT_CONVERSION = YES_AGGRESSIVE;
				CLANG_CXX_LANGUAGE_STANDARD = "gnu++20";
				CLANG_ENABLE_MODULES = YES;
				CLANG_ENABLE_OBJC_ARC = YES;
				CLANG_ENABLE_OBJC_WEAK = YES;
				CLANG_WARN_BLOCK_CAPTURE_AUTORELEASING = YES;
				CLANG_WARN_BOOL_CONVERSION = YES;
				CLANG_WARN_COMMA = YES;
				CLANG_WARN_CONSTANT_CONVERSION = YES;
				CLANG_WARN_DEPRECATED_OBJC_IMPLEMENTATIONS = YES;
				CLANG_WARN_DIRECT_OBJC_ISA_USAGE = YES_ERROR;
				CLANG_WARN_DOCUMENTATION_COMMENTS = YES;
				CLANG_WARN_EMPTY_BODY = YES;
				CLANG_WARN_ENUM_CONVERSION = YES;
				CLANG_WARN_INFINITE_RECURSION = YES;
				CLANG_WARN_INT_CONVERSION = YES;
				CLANG_WARN_NON_LITERAL_NULL_CONVERSION = YES;
				CLANG_WARN_OBJC_IMPLICIT_RETAIN_SELF = YES;
				CLANG_WARN_OBJC_LITERAL_CONVERSION = YES;
				CLANG_WARN_OBJC_ROOT_CLASS = YES_ERROR;
				CLANG_WARN_QUOTED_INCLUDE_IN_FRAMEWORK_HEADER = YES;
				CLANG_WARN_RANGE_LOOP_ANALYSIS = YES;
				CLANG_WARN_STRICT_PROTOTYPES = YES;
				CLANG_WARN_SUSPICIOUS_MOVE = YES;
				CLANG_WARN_UNGUARDED_AVAILABILITY = YES_AGGRESSIVE;
				CLANG_WARN_UNREACHABLE_CODE = YES;
				CLANG_WARN__DUPLICATE_METHOD_MATCH = YES;
				COPY_PHASE_STRIP = NO;
				DEBUG_INFORMATION_FORMAT = dwarf;
				ENABLE_STRICT_OBJC_MSGSEND = YES;
				ENABLE_TESTABILITY = YES;
				ENABLE_USER_SCRIPT_SANDBOXING = YES;
				GCC_C_LANGUAGE_STANDARD = gnu17;
				GCC_DYNAMIC_NO_PIC = NO;
				GCC_NO_COMMON_BLOCKS = YES;
				GCC_OPTIMIZATION_LEVEL = 0;
				GCC_PREPROCESSOR_DEFINITIONS = (
					"DEBUG=1",
					"$(inherited)",
				);
				GCC_WARN_64_TO_32_BIT_CONVERSION = YES;
				GCC_WARN_ABOUT_RETURN_TYPE = YES_ERROR;
				GCC_WARN_UNDECLARED_SELECTOR = YES;
				GCC_WARN_UNINITIALIZED_AUTOS = YES_AGGRESSIVE;
				GCC_WARN_UNUSED_FUNCTION = YES;
				GCC_WARN_UNUSED_VARIABLE = YES;
				IPHONEOS_DEPLOYMENT_TARGET = 17.0;
				LOCALIZATION_PREFERS_STRING_CATALOGS = YES;
				MTL_ENABLE_DEBUG_INFO = INCLUDE_SOURCE;
				MTL_FAST_MATH = YES;
				ONLY_ACTIVE_ARCH = YES;
				SDKROOT = iphoneos;
				SWIFT_ACTIVE_COMPILATION_CONDITIONS = "DEBUG $(inherited)";
				SWIFT_OPTIMIZATION_LEVEL = "-Onone";
			};
			name = Debug;
		};
		EAFDE0AC2B1B8CFF00A4BF7B /* Release */ = {
			isa = XCBuildConfiguration;
			buildSettings = {
				ALWAYS_SEARCH_USER_PATHS = NO;
				ASSETCATALOG_COMPILER_GENERATE_SWIFT_ASSET_SYMBOL_EXTENSIONS = YES;
				CLANG_ANALYZER_NONNULL = YES;
				CLANG_ANALYZER_NUMBER_OBJECT_CONVERSION = YES_AGGRESSIVE;
				CLANG_CXX_LANGUAGE_STANDARD = "gnu++20";
				CLANG_ENABLE_MODULES = YES;
				CLANG_ENABLE_OBJC_ARC = YES;
				CLANG_ENABLE_OBJC_WEAK = YES;
				CLANG_WARN_BLOCK_CAPTURE_AUTORELEASING = YES;
				CLANG_WARN_BOOL_CONVERSION = YES;
				CLANG_WARN_COMMA = YES;
				CLANG_WARN_CONSTANT_CONVERSION = YES;
				CLANG_WARN_DEPRECATED_OBJC_IMPLEMENTATIONS = YES;
				CLANG_WARN_DIRECT_OBJC_ISA_USAGE = YES_ERROR;
				CLANG_WARN_DOCUMENTATION_COMMENTS = YES;
				CLANG_WARN_EMPTY_BODY = YES;
				CLANG_WARN_ENUM_CONVERSION = YES;
				CLANG_WARN_INFINITE_RECURSION = YES;
				CLANG_WARN_INT_CONVERSION = YES;
				CLANG_WARN_NON_LITERAL_NULL_CONVERSION = YES;
				CLANG_WARN_OBJC_IMPLICIT_RETAIN_SELF = YES;
				CLANG_WARN_OBJC_LITERAL_CONVERSION = YES;
				CLANG_WARN_OBJC_ROOT_CLASS = YES_ERROR;
				CLANG_WARN_QUOTED_INCLUDE_IN_FRAMEWORK_HEADER = YES;
				CLANG_WARN_RANGE_LOOP_ANALYSIS = YES;
				CLANG_WARN_STRICT_PROTOTYPES = YES;
				CLANG_WARN_SUSPICIOUS_MOVE = YES;
				CLANG_WARN_UNGUARDED_AVAILABILITY = YES_AGGRESSIVE;
				CLANG_WARN_UNREACHABLE_CODE = YES;
				CLANG_WARN__DUPLICATE_METHOD_MATCH = YES;
				COPY_PHASE_STRIP = NO;
				DEBUG_INFORMATION_FORMAT = "dwarf-with-dsym";
				ENABLE_NS_ASSERTIONS = NO;
				ENABLE_STRICT_OBJC_MSGSEND = YES;
				ENABLE_USER_SCRIPT_SANDBOXING = YES;
				GCC_C_LANGUAGE_STANDARD = gnu17;
				GCC_NO_COMMON_BLOCKS = YES;
				GCC_WARN_64_TO_32_BIT_CONVERSION = YES;
				GCC_WARN_ABOUT_RETURN_TYPE = YES_ERROR;
				GCC_WARN_UNDECLARED_SELECTOR = YES;
				GCC_WARN_UNINITIALIZED_AUTOS = YES_AGGRESSIVE;
				GCC_WARN_UNUSED_FUNCTION = YES;
				GCC_WARN_UNUSED_VARIABLE = YES;
				IPHONEOS_DEPLOYMENT_TARGET = 17.0;
				LOCALIZATION_PREFERS_STRING_CATALOGS = YES;
				MTL_ENABLE_DEBUG_INFO = NO;
				MTL_FAST_MATH = YES;
				SDKROOT = iphoneos;
				SWIFT_COMPILATION_MODE = wholemodule;
				VALIDATE_PRODUCT = YES;
			};
			name = Release;
		};
		EAFDE0AE2B1B8CFF00A4BF7B /* Debug */ = {
			isa = XCBuildConfiguration;
			buildSettings = {
				ASSETCATALOG_COMPILER_APPICON_NAME = AppIcon;
				ASSETCATALOG_COMPILER_GLOBAL_ACCENT_COLOR_NAME = AccentColor;
				CODE_SIGN_ENTITLEMENTS = JustyMusic/JustyMusic.entitlements;
				CODE_SIGN_STYLE = Automatic;
				CURRENT_PROJECT_VERSION = 1;
				DEVELOPMENT_ASSET_PATHS = "\"JustyMusic/Resources/PreviewContent\"";
				DEVELOPMENT_TEAM = SC737BGZU5;
				ENABLE_PREVIEWS = YES;
				GENERATE_INFOPLIST_FILE = YES;
				INFOPLIST_FILE = JustyMusic/Info.plist;
				INFOPLIST_KEY_LSSupportsOpeningDocumentsInPlace = YES;
				INFOPLIST_KEY_UIApplicationSceneManifest_Generation = YES;
				INFOPLIST_KEY_UIApplicationSupportsIndirectInputEvents = YES;
				INFOPLIST_KEY_UILaunchScreen_Generation = YES;
				INFOPLIST_KEY_UILaunchStoryboardName = lo;
				INFOPLIST_KEY_UIStatusBarStyle = UIStatusBarStyleDarkContent;
				INFOPLIST_KEY_UISupportedInterfaceOrientations_iPad = "UIInterfaceOrientationLandscapeLeft UIInterfaceOrientationLandscapeRight UIInterfaceOrientationPortrait UIInterfaceOrientationPortraitUpsideDown";
				INFOPLIST_KEY_UIUserInterfaceStyle = Dark;
				IPHONEOS_DEPLOYMENT_TARGET = 17.0;
				LD_RUNPATH_SEARCH_PATHS = (
					"$(inherited)",
					"@executable_path/Frameworks",
				);
				MARKETING_VERSION = 1.0;
				PRODUCT_BUNDLE_IDENTIFIER = ru.justydev.JustyMusic;
				PRODUCT_NAME = "$(TARGET_NAME)";
				SUPPORTED_PLATFORMS = "iphoneos iphonesimulator";
				SUPPORTS_MACCATALYST = NO;
				SUPPORTS_MAC_DESIGNED_FOR_IPHONE_IPAD = NO;
				SWIFT_EMIT_LOC_STRINGS = YES;
				SWIFT_VERSION = 5.0;
				TARGETED_DEVICE_FAMILY = 1;
			};
			name = Debug;
		};
		EAFDE0AF2B1B8CFF00A4BF7B /* Release */ = {
			isa = XCBuildConfiguration;
			buildSettings = {
				ASSETCATALOG_COMPILER_APPICON_NAME = AppIcon;
				ASSETCATALOG_COMPILER_GLOBAL_ACCENT_COLOR_NAME = AccentColor;
				CODE_SIGN_ENTITLEMENTS = JustyMusic/JustyMusic.entitlements;
				CODE_SIGN_STYLE = Automatic;
				CURRENT_PROJECT_VERSION = 1;
				DEVELOPMENT_ASSET_PATHS = "\"JustyMusic/Resources/PreviewContent\"";
				DEVELOPMENT_TEAM = SC737BGZU5;
				ENABLE_PREVIEWS = YES;
				GENERATE_INFOPLIST_FILE = YES;
				INFOPLIST_FILE = JustyMusic/Info.plist;
				INFOPLIST_KEY_LSSupportsOpeningDocumentsInPlace = YES;
				INFOPLIST_KEY_UIApplicationSceneManifest_Generation = YES;
				INFOPLIST_KEY_UIApplicationSupportsIndirectInputEvents = YES;
				INFOPLIST_KEY_UILaunchScreen_Generation = YES;
				INFOPLIST_KEY_UILaunchStoryboardName = lo;
				INFOPLIST_KEY_UIStatusBarStyle = UIStatusBarStyleDarkContent;
				INFOPLIST_KEY_UISupportedInterfaceOrientations_iPad = "UIInterfaceOrientationLandscapeLeft UIInterfaceOrientationLandscapeRight UIInterfaceOrientationPortrait UIInterfaceOrientationPortraitUpsideDown";
				INFOPLIST_KEY_UIUserInterfaceStyle = Dark;
				IPHONEOS_DEPLOYMENT_TARGET = 17.0;
				LD_RUNPATH_SEARCH_PATHS = (
					"$(inherited)",
					"@executable_path/Frameworks",
				);
				MARKETING_VERSION = 1.0;
				PRODUCT_BUNDLE_IDENTIFIER = ru.justydev.JustyMusic;
				PRODUCT_NAME = "$(TARGET_NAME)";
				SUPPORTED_PLATFORMS = "iphoneos iphonesimulator";
				SUPPORTS_MACCATALYST = NO;
				SUPPORTS_MAC_DESIGNED_FOR_IPHONE_IPAD = NO;
				SWIFT_EMIT_LOC_STRINGS = YES;
				SWIFT_VERSION = 5.0;
				TARGETED_DEVICE_FAMILY = 1;
			};
			name = Release;
		};
/* End XCBuildConfiguration section */

/* Begin XCConfigurationList section */
		EAFDE09A2B1B8CFE00A4BF7B /* Build configuration list for PBXProject "JustyMusic" */ = {
			isa = XCConfigurationList;
			buildConfigurations = (
				EAFDE0AB2B1B8CFF00A4BF7B /* Debug */,
				EAFDE0AC2B1B8CFF00A4BF7B /* Release */,
			);
			defaultConfigurationIsVisible = 0;
			defaultConfigurationName = Release;
		};
		EAFDE0AD2B1B8CFF00A4BF7B /* Build configuration list for PBXNativeTarget "JustyMusic" */ = {
			isa = XCConfigurationList;
			buildConfigurations = (
				EAFDE0AE2B1B8CFF00A4BF7B /* Debug */,
				EAFDE0AF2B1B8CFF00A4BF7B /* Release */,
			);
			defaultConfigurationIsVisible = 0;
			defaultConfigurationName = Release;
		};
/* End XCConfigurationList section */
	};
	rootObject = EAFDE0972B1B8CFE00A4BF7B /* Project object */;
}
